{
  "schema": "mve-deps-v1",
  "base_git_sha": "5645250003f129473919f4f32984c68a86e1c477",
  "packages": {
    "sympy": "1.14.0",
    "jsonschema": "4.26.0",
    "pytest": "8.4.2"
  },
  "files": [
    {
      "path": "/Users/applefamily/Developer/Opensens/worktrees/oae-mve-integration/mve/__init__.py",
      "sha256": "1660edf3de4ade8f040b5b6ce0248e7cbb029cb85490702a5f523807658c37f0"
    },
    {
      "path": "/Users/applefamily/Developer/Opensens/worktrees/oae-mve-integration/mve/errors.py",
      "sha256": "326a016d2b764ec6ce470823bc6b59c007714875001b8a637e9e600e4985a7ef"
    },
    {
      "path": "/Users/applefamily/Developer/Opensens/worktrees/oae-mve-integration/mve/exact.py",
      "sha256": "a95bd48b146d91c639ef65f7bc369a307f9a160ea2e7321ca76a5f133374b592"
    },
    {
      "path": "/Users/applefamily/Developer/Opensens/worktrees/oae-mve-integration/mve/formal.py",
      "sha256": "e6d162ee2d0e8ef21701f32c25286ffc3e3d53a9b36c63d28b4eba14f2b6dd38"
    },
    {
      "path": "/Users/applefamily/Developer/Opensens/worktrees/oae-mve-integration/mve/graph.py",
      "sha256": "e8f772def06c1fe922efd32c7471e14fb02b45f2588cae042d7a152e5399b2a5"
    },
    {
      "path": "/Users/applefamily/Developer/Opensens/worktrees/oae-mve-integration/mve/identity.py",
      "sha256": "9980da4703486d43348df7e6e5a3bf24313eb7db47d30fd47482e5694e390f64"
    },
    {
      "path": "/Users/applefamily/Developer/Opensens/worktrees/oae-mve-integration/mve/operations.py",
      "sha256": "368b5194d379c0cca622eb5a86724b21206b2e83750c199fa136a6a2ed02aa21"
    },
    {
      "path": "/Users/applefamily/Developer/Opensens/worktrees/oae-mve-integration/mve/patch.py",
      "sha256": "cce0d2998ad5efd3662e0ca1ce588d564396b7886425186b03d611817f529b6f"
    },
    {
      "path": "/Users/applefamily/Developer/Opensens/worktrees/oae-mve-integration/mve/predicates.py",
      "sha256": "18e0d8c2f4525078bbc62c67e9a6643e09f511ebfc4f969dc58f29ca8e349fd4"
    },
    {
      "path": "/Users/applefamily/Developer/Opensens/worktrees/oae-mve-integration/mve/record.py",
      "sha256": "f64d52453c4dcfca0b5f8d140306505fffdc9aa03a2896a1acfa9a6dd1c663d8"
    },
    {
      "path": "/Users/applefamily/Developer/Opensens/worktrees/oae-mve-integration/mve/registry/predicates_v1.json",
      "sha256": "119440136269d3875c1c130cf4988a1b923d49f0acd09f94133d9882b76756a4"
    },
    {
      "path": "/Users/applefamily/Developer/Opensens/worktrees/oae-mve-integration/mve/semantics.py",
      "sha256": "8c89b57f235e766d8421e6dfe609f36ccc7b46c15e3a4892d7e3bc5fb56291bb"
    },
    {
      "path": "/Users/applefamily/Developer/Opensens/worktrees/oae-mve-integration/mve/validation.py",
      "sha256": "c189940d38c61dc327cf168cfa8b0ba570483a9fac63bdd203e74894d0f2ab5a"
    },
    {
      "path": "/Users/applefamily/Developer/Opensens/worktrees/oae-mve-integration/schemas/mve_observation_record.json",
      "sha256": "13ebcbe03ab718dd39844a65db7519cec370acdc7924555dece6d970414e46fc"
    }
  ],
  "note": "WP-1 uses no by-path RH imports. Merge this package/source lock with WP-0a external pins after Opus review."
}
